
Microsoft Visual Studio Solution File, Format Version 9.00
# Visual Studio 2005
Project("{8BC9CEB8-8B4A-11D0-8D11-00A0C91BC942}") = "i106Dub", "i106Dub.vcproj", "{A905F32F-D334-4B8F-BD13-36852B6F4406}"
	ProjectSection(ProjectDependencies) = postProject
		{12FBB6F8-7131-48CA-81E1-33FB482AB2E3} = {12FBB6F8-7131-48CA-81E1-33FB482AB2E3}
	EndProjectSection
EndProject
Project("{54435603-DBB4-11D2-8724-00A0C9A8B90C}") = "i106Dub_Setup", "i106Dub_Setup.vdproj", "{BFE0C04D-B76F-45DA-B79B-0AC7D35B2A0B}"
EndProject
Project("{8BC9CEB8-8B4A-11D0-8D11-00A0C91BC942}") = "irig106dll", "..\irig106dotnet\dotnet2005\irig106dll.vcproj", "{AEDD17E1-E0C6-47C1-8612-B3329BBE8BA6}"
EndProject
Project("{8BC9CEB8-8B4A-11D0-8D11-00A0C91BC942}") = "irig106dotnet", "..\irig106dotnet\dotnet2005\irig106dotnet.vcproj", "{12FBB6F8-7131-48CA-81E1-33FB482AB2E3}"
	ProjectSection(ProjectDependencies) = postProject
		{AEDD17E1-E0C6-47C1-8612-B3329BBE8BA6} = {AEDD17E1-E0C6-47C1-8612-B3329BBE8BA6}
	EndProjectSection
EndProject
Global
	GlobalSection(SolutionConfigurationPlatforms) = preSolution
		Debug|Win32 = Debug|Win32
		Release|Win32 = Release|Win32
	EndGlobalSection
	GlobalSection(ProjectConfigurationPlatforms) = postSolution
		{A905F32F-D334-4B8F-BD13-36852B6F4406}.Debug|Win32.ActiveCfg = Debug|Win32
		{A905F32F-D334-4B8F-BD13-36852B6F4406}.Debug|Win32.Build.0 = Debug|Win32
		{A905F32F-D334-4B8F-BD13-36852B6F4406}.Release|Win32.ActiveCfg = Release|Win32
		{A905F32F-D334-4B8F-BD13-36852B6F4406}.Release|Win32.Build.0 = Release|Win32
		{BFE0C04D-B76F-45DA-B79B-0AC7D35B2A0B}.Debug|Win32.ActiveCfg = Debug
		{BFE0C04D-B76F-45DA-B79B-0AC7D35B2A0B}.Debug|Win32.Build.0 = Debug
		{BFE0C04D-B76F-45DA-B79B-0AC7D35B2A0B}.Release|Win32.ActiveCfg = Release
		{BFE0C04D-B76F-45DA-B79B-0AC7D35B2A0B}.Release|Win32.Build.0 = Release
		{AEDD17E1-E0C6-47C1-8612-B3329BBE8BA6}.Debug|Win32.ActiveCfg = Debug|Win32
		{AEDD17E1-E0C6-47C1-8612-B3329BBE8BA6}.Debug|Win32.Build.0 = Debug|Win32
		{AEDD17E1-E0C6-47C1-8612-B3329BBE8BA6}.Release|Win32.ActiveCfg = Release|Win32
		{AEDD17E1-E0C6-47C1-8612-B3329BBE8BA6}.Release|Win32.Build.0 = Release|Win32
		{12FBB6F8-7131-48CA-81E1-33FB482AB2E3}.Debug|Win32.ActiveCfg = Debug|Win32
		{12FBB6F8-7131-48CA-81E1-33FB482AB2E3}.Debug|Win32.Build.0 = Debug|Win32
		{12FBB6F8-7131-48CA-81E1-33FB482AB2E3}.Release|Win32.ActiveCfg = Release|Win32
		{12FBB6F8-7131-48CA-81E1-33FB482AB2E3}.Release|Win32.Build.0 = Release|Win32
	EndGlobalSection
	GlobalSection(SolutionProperties) = preSolution
		HideSolutionNode = FALSE
	EndGlobalSection
EndGlobal
